
Microsoft Visual Studio Solution File, Format Version 12.00
# Visual Studio 14
VisualStudioVersion = 14.0.25420.1
MinimumVisualStudioVersion = 10.0.40219.1
Project("{FAE04EC0-301F-11D3-BF4B-00C04F79EFBC}") = "RetroReview.Web", "RetroReview.Web\RetroReview.Web.csproj", "{8380C889-DC70-42CF-B7B2-7EC90D1626BF}"
EndProject
Project("{FAE04EC0-301F-11D3-BF4B-00C04F79EFBC}") = "RetroReview.Models", "RetroReviews.Models\RetroReview.Models.csproj", "{FF08FD24-7E21-45CD-8DDE-E47CDEAC49C6}"
EndProject
Project("{FAE04EC0-301F-11D3-BF4B-00C04F79EFBC}") = "RetroReview.Data", "RetroReview.Data\RetroReview.Data.csproj", "{EA57A1B2-8537-479F-8E22-00293D29CC7C}"
EndProject
Project("{FAE04EC0-301F-11D3-BF4B-00C04F79EFBC}") = "RetroReview.Tests", "RetroReview.Tests\RetroReview.Tests.csproj", "{01997DEC-32CB-4407-9BE2-564DD1CCE478}"
EndProject
Global
	GlobalSection(SolutionConfigurationPlatforms) = preSolution
		Debug|Any CPU = Debug|Any CPU
		Release|Any CPU = Release|Any CPU
	EndGlobalSection
	GlobalSection(ProjectConfigurationPlatforms) = postSolution
		{8380C889-DC70-42CF-B7B2-7EC90D1626BF}.Debug|Any CPU.ActiveCfg = Debug|Any CPU
		{8380C889-DC70-42CF-B7B2-7EC90D1626BF}.Debug|Any CPU.Build.0 = Debug|Any CPU
		{8380C889-DC70-42CF-B7B2-7EC90D1626BF}.Release|Any CPU.ActiveCfg = Release|Any CPU
		{8380C889-DC70-42CF-B7B2-7EC90D1626BF}.Release|Any CPU.Build.0 = Release|Any CPU
		{FF08FD24-7E21-45CD-8DDE-E47CDEAC49C6}.Debug|Any CPU.ActiveCfg = Debug|Any CPU
		{FF08FD24-7E21-45CD-8DDE-E47CDEAC49C6}.Debug|Any CPU.Build.0 = Debug|Any CPU
		{FF08FD24-7E21-45CD-8DDE-E47CDEAC49C6}.Release|Any CPU.ActiveCfg = Release|Any CPU
		{FF08FD24-7E21-45CD-8DDE-E47CDEAC49C6}.Release|Any CPU.Build.0 = Release|Any CPU
		{EA57A1B2-8537-479F-8E22-00293D29CC7C}.Debug|Any CPU.ActiveCfg = Debug|Any CPU
		{EA57A1B2-8537-479F-8E22-00293D29CC7C}.Debug|Any CPU.Build.0 = Debug|Any CPU
		{EA57A1B2-8537-479F-8E22-00293D29CC7C}.Release|Any CPU.ActiveCfg = Release|Any CPU
		{EA57A1B2-8537-479F-8E22-00293D29CC7C}.Release|Any CPU.Build.0 = Release|Any CPU
		{01997DEC-32CB-4407-9BE2-564DD1CCE478}.Debug|Any CPU.ActiveCfg = Debug|Any CPU
		{01997DEC-32CB-4407-9BE2-564DD1CCE478}.Debug|Any CPU.Build.0 = Debug|Any CPU
		{01997DEC-32CB-4407-9BE2-564DD1CCE478}.Release|Any CPU.ActiveCfg = Release|Any CPU
		{01997DEC-32CB-4407-9BE2-564DD1CCE478}.Release|Any CPU.Build.0 = Release|Any CPU
	EndGlobalSection
	GlobalSection(SolutionProperties) = preSolution
		HideSolutionNode = FALSE
	EndGlobalSection
EndGlobal
